<?xml version="1.0" encoding="utf-8"?>
<Project ToolsVersion="4.0" xmlns="http://schemas.microsoft.com/developer/msbuild/2003">
  <ItemGroup>
    <Filter Include="IHM">
      <UniqueIdentifier>{67DA6AB6-F800-4c08-8B7A-83BB121AAD01}</UniqueIdentifier>
      <Extensions>rc;ico;cur;bmp;dlg;rc2;rct;bin;rgs;gif;jpg;jpeg;jpe;resx;tiff;tif;png;wav;mfcribbon-ms</Extensions>
    </Filter>
    <Filter Include="mode concole">
      <UniqueIdentifier>{93995380-89BD-4b04-88EB-625FBE52EBFB}</UniqueIdentifier>
      <Extensions>h;hh;hpp;hxx;h++;hm;inl;inc;ipp;xsd</Extensions>
    </Filter>
    <Filter Include="mode concole\Composants">
      <UniqueIdentifier>{889ab6bf-7b09-48bc-8cbd-0fa380bd8c34}</UniqueIdentifier>
    </Filter>
    <Filter Include="mode concole\service">
      <UniqueIdentifier>{d73f21bf-e6e8-443e-ab8b-a005b0546b95}</UniqueIdentifier>
    </Filter>
    <Filter Include="config">
      <UniqueIdentifier>{4FC737F1-C7A5-4376-A066-2A32D752A2FF}</UniqueIdentifier>
      <Extensions>cpp;c;cc;cxx;c++;cppm;ixx;def;odl;idl;hpj;bat;asm;asmx</Extensions>
    </Filter>
  </ItemGroup>
  <ItemGroup>
    <ClCompile Include="MAIN.cpp">
      <Filter>config</Filter>
    </ClCompile>
    <ClCompile Include="Cellule.cpp">
      <Filter>config</Filter>
    </ClCompile>
    <ClCompile Include="Grille.cpp">
      <Filter>config</Filter>
    </ClCompile>
    <ClCompile Include="JeuDeLaVie.cpp">
      <Filter>config</Filter>
    </ClCompile>
  </ItemGroup>
  <ItemGroup>
    <ClInclude Include="Cellule.h">
      <Filter>mode concole\Composants</Filter>
    </ClInclude>
    <ClInclude Include="Grille.h">
      <Filter>mode concole\Composants</Filter>
    </ClInclude>
    <ClInclude Include="JeuDeLaVie.h">
      <Filter>mode concole\service</Filter>
    </ClInclude>
  </ItemGroup>
</Project>